// !$*UTF8*$!
{
	archiveVersion = 1;
	classes = {
	};
	objectVersion = 46;
	objects = {

/* Begin PBXBuildFile section */
		141AE7222D75231C0038A911 /* RNAdManagerAdaptiveBannerViewManager.m in Sources */ = {isa = PBXBuildFile; fileRef = 141AE70F2D75231B0038A911 /* RNAdManagerAdaptiveBannerViewManager.m */; };
		141AE7232D75231C0038A911 /* RNAdManagerUtils.m in Sources */ = {isa = PBXBuildFile; fileRef = 141AE7102D75231C0038A911 /* RNAdManagerUtils.m */; };
		141AE7242D75231C0038A911 /* RNAdManageNativeManager.m in Sources */ = {isa = PBXBuildFile; fileRef = 141AE7132D75231C0038A911 /* RNAdManageNativeManager.m */; };
		141AE7252D75231C0038A911 /* RNAdManagerAdaptiveBannerView.m in Sources */ = {isa = PBXBuildFile; fileRef = 141AE7152D75231C0038A911 /* RNAdManagerAdaptiveBannerView.m */; };
		141AE7262D75231C0038A911 /* RNAdManagerInterstitial.m in Sources */ = {isa = PBXBuildFile; fileRef = 141AE7172D75231C0038A911 /* RNAdManagerInterstitial.m */; };
		141AE7272D75231C0038A911 /* RNAdManageNativeView.m in Sources */ = {isa = PBXBuildFile; fileRef = 141AE71B2D75231C0038A911 /* RNAdManageNativeView.m */; };
		141AE7282D75231C0038A911 /* RNAdManagerBannerViewManager.m in Sources */ = {isa = PBXBuildFile; fileRef = 141AE71D2D75231C0038A911 /* RNAdManagerBannerViewManager.m */; };
		141AE7292D75231C0038A911 /* RNAdManagerBannerView.m in Sources */ = {isa = PBXBuildFile; fileRef = 141AE71F2D75231C0038A911 /* RNAdManagerBannerView.m */; };
		141AE72A2D75231C0038A911 /* RCTConvert+GADAdSize.m in Sources */ = {isa = PBXBuildFile; fileRef = 141AE7202D75231C0038A911 /* RCTConvert+GADAdSize.m */; };
/* End PBXBuildFile section */

/* Begin PBXCopyFilesBuildPhase section */
		58B511D91A9E6C8500147676 /* CopyFiles */ = {
			isa = PBXCopyFilesBuildPhase;
			buildActionMask = 2147483647;
			dstPath = "include/$(PRODUCT_NAME)";
			dstSubfolderSpec = 16;
			files = (
			);
			runOnlyForDeploymentPostprocessing = 0;
		};
/* End PBXCopyFilesBuildPhase section */

/* Begin PBXFileReference section */
		134814201AA4EA6300B7C361 /* libReactNativeAdManager.a */ = {isa = PBXFileReference; explicitFileType = archive.ar; includeInIndex = 0; path = libReactNativeAdManager.a; sourceTree = BUILT_PRODUCTS_DIR; };
		141AE70F2D75231B0038A911 /* RNAdManagerAdaptiveBannerViewManager.m */ = {isa = PBXFileReference; fileEncoding = 4; lastKnownFileType = sourcecode.c.objc; path = RNAdManagerAdaptiveBannerViewManager.m; sourceTree = "<group>"; };
		141AE7102D75231C0038A911 /* RNAdManagerUtils.m */ = {isa = PBXFileReference; fileEncoding = 4; lastKnownFileType = sourcecode.c.objc; path = RNAdManagerUtils.m; sourceTree = "<group>"; };
		141AE7112D75231C0038A911 /* RCTConvert+GADAdSize.h */ = {isa = PBXFileReference; fileEncoding = 4; lastKnownFileType = sourcecode.c.h; path = "RCTConvert+GADAdSize.h"; sourceTree = "<group>"; };
		141AE7122D75231C0038A911 /* ReactNativeAdManager.xcworkspace */ = {isa = PBXFileReference; lastKnownFileType = wrapper.workspace; path = ReactNativeAdManager.xcworkspace; sourceTree = "<group>"; };
		141AE7132D75231C0038A911 /* RNAdManageNativeManager.m */ = {isa = PBXFileReference; fileEncoding = 4; lastKnownFileType = sourcecode.c.objc; path = RNAdManageNativeManager.m; sourceTree = "<group>"; };
		141AE7142D75231C0038A911 /* RNAdManagerInterstitial.h */ = {isa = PBXFileReference; fileEncoding = 4; lastKnownFileType = sourcecode.c.h; path = RNAdManagerInterstitial.h; sourceTree = "<group>"; };
		141AE7152D75231C0038A911 /* RNAdManagerAdaptiveBannerView.m */ = {isa = PBXFileReference; fileEncoding = 4; lastKnownFileType = sourcecode.c.objc; path = RNAdManagerAdaptiveBannerView.m; sourceTree = "<group>"; };
		141AE7162D75231C0038A911 /* RNAdManagerAdaptiveBannerViewManager.h */ = {isa = PBXFileReference; fileEncoding = 4; lastKnownFileType = sourcecode.c.h; path = RNAdManagerAdaptiveBannerViewManager.h; sourceTree = "<group>"; };
		141AE7172D75231C0038A911 /* RNAdManagerInterstitial.m */ = {isa = PBXFileReference; fileEncoding = 4; lastKnownFileType = sourcecode.c.objc; path = RNAdManagerInterstitial.m; sourceTree = "<group>"; };
		141AE7182D75231C0038A911 /* RNAdManagerUtils.h */ = {isa = PBXFileReference; fileEncoding = 4; lastKnownFileType = sourcecode.c.h; path = RNAdManagerUtils.h; sourceTree = "<group>"; };
		141AE7192D75231C0038A911 /* RNAdManagerBannerViewManager.h */ = {isa = PBXFileReference; fileEncoding = 4; lastKnownFileType = sourcecode.c.h; path = RNAdManagerBannerViewManager.h; sourceTree = "<group>"; };
		141AE71A2D75231C0038A911 /* RNAdManagerAdaptiveBannerView.h */ = {isa = PBXFileReference; fileEncoding = 4; lastKnownFileType = sourcecode.c.h; path = RNAdManagerAdaptiveBannerView.h; sourceTree = "<group>"; };
		141AE71B2D75231C0038A911 /* RNAdManageNativeView.m */ = {isa = PBXFileReference; fileEncoding = 4; lastKnownFileType = sourcecode.c.objc; path = RNAdManageNativeView.m; sourceTree = "<group>"; };
		141AE71C2D75231C0038A911 /* RNAdManageNativeView.h */ = {isa = PBXFileReference; fileEncoding = 4; lastKnownFileType = sourcecode.c.h; path = RNAdManageNativeView.h; sourceTree = "<group>"; };
		141AE71D2D75231C0038A911 /* RNAdManagerBannerViewManager.m */ = {isa = PBXFileReference; fileEncoding = 4; lastKnownFileType = sourcecode.c.objc; path = RNAdManagerBannerViewManager.m; sourceTree = "<group>"; };
		141AE71E2D75231C0038A911 /* RNAdManageNativeManager.h */ = {isa = PBXFileReference; fileEncoding = 4; lastKnownFileType = sourcecode.c.h; path = RNAdManageNativeManager.h; sourceTree = "<group>"; };
		141AE71F2D75231C0038A911 /* RNAdManagerBannerView.m */ = {isa = PBXFileReference; fileEncoding = 4; lastKnownFileType = sourcecode.c.objc; path = RNAdManagerBannerView.m; sourceTree = "<group>"; };
		141AE7202D75231C0038A911 /* RCTConvert+GADAdSize.m */ = {isa = PBXFileReference; fileEncoding = 4; lastKnownFileType = sourcecode.c.objc; path = "RCTConvert+GADAdSize.m"; sourceTree = "<group>"; };
		141AE7212D75231C0038A911 /* RNAdManagerBannerView.h */ = {isa = PBXFileReference; fileEncoding = 4; lastKnownFileType = sourcecode.c.h; path = RNAdManagerBannerView.h; sourceTree = "<group>"; };
/* End PBXFileReference section */

/* Begin PBXFrameworksBuildPhase section */
		58B511D81A9E6C8500147676 /* Frameworks */ = {
			isa = PBXFrameworksBuildPhase;
			buildActionMask = 2147483647;
			files = (
			);
			runOnlyForDeploymentPostprocessing = 0;
		};
/* End PBXFrameworksBuildPhase section */

/* Begin PBXGroup section */
		134814211AA4EA7D00B7C361 /* Products */ = {
			isa = PBXGroup;
			children = (
				134814201AA4EA6300B7C361 /* libReactNativeAdManager.a */,
			);
			name = Products;
			sourceTree = "<group>";
		};
		58B511D21A9E6C8500147676 = {
			isa = PBXGroup;
			children = (
				141AE7112D75231C0038A911 /* RCTConvert+GADAdSize.h */,
				141AE7202D75231C0038A911 /* RCTConvert+GADAdSize.m */,
				141AE7122D75231C0038A911 /* ReactNativeAdManager.xcworkspace */,
				141AE71E2D75231C0038A911 /* RNAdManageNativeManager.h */,
				141AE7132D75231C0038A911 /* RNAdManageNativeManager.m */,
				141AE71C2D75231C0038A911 /* RNAdManageNativeView.h */,
				141AE71B2D75231C0038A911 /* RNAdManageNativeView.m */,
				141AE71A2D75231C0038A911 /* RNAdManagerAdaptiveBannerView.h */,
				141AE7152D75231C0038A911 /* RNAdManagerAdaptiveBannerView.m */,
				141AE7162D75231C0038A911 /* RNAdManagerAdaptiveBannerViewManager.h */,
				141AE70F2D75231B0038A911 /* RNAdManagerAdaptiveBannerViewManager.m */,
				141AE7212D75231C0038A911 /* RNAdManagerBannerView.h */,
				141AE71F2D75231C0038A911 /* RNAdManagerBannerView.m */,
				141AE7192D75231C0038A911 /* RNAdManagerBannerViewManager.h */,
				141AE71D2D75231C0038A911 /* RNAdManagerBannerViewManager.m */,
				141AE7142D75231C0038A911 /* RNAdManagerInterstitial.h */,
				141AE7172D75231C0038A911 /* RNAdManagerInterstitial.m */,
				141AE7182D75231C0038A911 /* RNAdManagerUtils.h */,
				141AE7102D75231C0038A911 /* RNAdManagerUtils.m */,
				134814211AA4EA7D00B7C361 /* Products */,
			);
			sourceTree = "<group>";
		};
/* End PBXGroup section */

/* Begin PBXNativeTarget section */
		58B511DA1A9E6C8500147676 /* ReactNativeAdManager */ = {
			isa = PBXNativeTarget;
			buildConfigurationList = 58B511EF1A9E6C8500147676 /* Build configuration list for PBXNativeTarget "ReactNativeAdManager" */;
			buildPhases = (
				58B511D71A9E6C8500147676 /* Sources */,
				58B511D81A9E6C8500147676 /* Frameworks */,
				58B511D91A9E6C8500147676 /* CopyFiles */,
			);
			buildRules = (
			);
			dependencies = (
			);
			name = ReactNativeAdManager;
			productName = RCTDataManager;
			productReference = 134814201AA4EA6300B7C361 /* libReactNativeAdManager.a */;
			productType = "com.apple.product-type.library.static";
		};
/* End PBXNativeTarget section */

/* Begin PBXProject section */
		58B511D31A9E6C8500147676 /* Project object */ = {
			isa = PBXProject;
			attributes = {
				LastUpgradeCheck = 0920;
				ORGANIZATIONNAME = Facebook;
				TargetAttributes = {
					58B511DA1A9E6C8500147676 = {
						CreatedOnToolsVersion = 6.1.1;
					};
				};
			};
			buildConfigurationList = 58B511D61A9E6C8500147676 /* Build configuration list for PBXProject "ReactNativeAdManager" */;
			compatibilityVersion = "Xcode 3.2";
			developmentRegion = English;
			hasScannedForEncodings = 0;
			knownRegions = (
				English,
				en,
			);
			mainGroup = 58B511D21A9E6C8500147676;
			productRefGroup = 58B511D21A9E6C8500147676;
			projectDirPath = "";
			projectRoot = "";
			targets = (
				58B511DA1A9E6C8500147676 /* ReactNativeAdManager */,
			);
		};
/* End PBXProject section */

/* Begin PBXSourcesBuildPhase section */
		58B511D71A9E6C8500147676 /* Sources */ = {
			isa = PBXSourcesBuildPhase;
			buildActionMask = 2147483647;
			files = (
				141AE72A2D75231C0038A911 /* RCTConvert+GADAdSize.m in Sources */,
				141AE7272D75231C0038A911 /* RNAdManageNativeView.m in Sources */,
				141AE7262D75231C0038A911 /* RNAdManagerInterstitial.m in Sources */,
				141AE7242D75231C0038A911 /* RNAdManageNativeManager.m in Sources */,
				141AE7222D75231C0038A911 /* RNAdManagerAdaptiveBannerViewManager.m in Sources */,
				141AE7292D75231C0038A911 /* RNAdManagerBannerView.m in Sources */,
				141AE7282D75231C0038A911 /* RNAdManagerBannerViewManager.m in Sources */,
				141AE7252D75231C0038A911 /* RNAdManagerAdaptiveBannerView.m in Sources */,
				141AE7232D75231C0038A911 /* RNAdManagerUtils.m in Sources */,
			);
			runOnlyForDeploymentPostprocessing = 0;
		};
/* End PBXSourcesBuildPhase section */

/* Begin XCBuildConfiguration section */
		58B511ED1A9E6C8500147676 /* Debug */ = {
			isa = XCBuildConfiguration;
			buildSettings = {
				ALWAYS_SEARCH_USER_PATHS = NO;
				CLANG_CXX_LANGUAGE_STANDARD = "gnu++0x";
				CLANG_CXX_LIBRARY = "libc++";
				CLANG_ENABLE_MODULES = YES;
				CLANG_ENABLE_OBJC_ARC = YES;
				CLANG_WARN_BLOCK_CAPTURE_AUTORELEASING = YES;
				CLANG_WARN_BOOL_CONVERSION = YES;
				CLANG_WARN_COMMA = YES;
				CLANG_WARN_CONSTANT_CONVERSION = YES;
				CLANG_WARN_DIRECT_OBJC_ISA_USAGE = YES_ERROR;
				CLANG_WARN_EMPTY_BODY = YES;
				CLANG_WARN_ENUM_CONVERSION = YES;
				CLANG_WARN_INFINITE_RECURSION = YES;
				CLANG_WARN_INT_CONVERSION = YES;
				CLANG_WARN_NON_LITERAL_NULL_CONVERSION = YES;
				CLANG_WARN_OBJC_LITERAL_CONVERSION = YES;
				CLANG_WARN_OBJC_ROOT_CLASS = YES_ERROR;
				CLANG_WARN_RANGE_LOOP_ANALYSIS = YES;
				CLANG_WARN_STRICT_PROTOTYPES = YES;
				CLANG_WARN_SUSPICIOUS_MOVE = YES;
				CLANG_WARN_UNREACHABLE_CODE = YES;
				CLANG_WARN__DUPLICATE_METHOD_MATCH = YES;
				COPY_PHASE_STRIP = NO;
				ENABLE_STRICT_OBJC_MSGSEND = YES;
				ENABLE_TESTABILITY = YES;
				GCC_C_LANGUAGE_STANDARD = gnu99;
				GCC_DYNAMIC_NO_PIC = NO;
				GCC_NO_COMMON_BLOCKS = YES;
				GCC_OPTIMIZATION_LEVEL = 0;
				GCC_PREPROCESSOR_DEFINITIONS = (
					"DEBUG=1",
					"$(inherited)",
				);
				GCC_SYMBOLS_PRIVATE_EXTERN = NO;
				GCC_WARN_64_TO_32_BIT_CONVERSION = YES;
				GCC_WARN_ABOUT_RETURN_TYPE = YES_ERROR;
				GCC_WARN_UNDECLARED_SELECTOR = YES;
				GCC_WARN_UNINITIALIZED_AUTOS = YES_AGGRESSIVE;
				GCC_WARN_UNUSED_FUNCTION = YES;
				GCC_WARN_UNUSED_VARIABLE = YES;
				IPHONEOS_DEPLOYMENT_TARGET = 15.0;
				MTL_ENABLE_DEBUG_INFO = YES;
				ONLY_ACTIVE_ARCH = YES;
				SDKROOT = iphoneos;
			};
			name = Debug;
		};
		58B511EE1A9E6C8500147676 /* Release */ = {
			isa = XCBuildConfiguration;
			buildSettings = {
				ALWAYS_SEARCH_USER_PATHS = NO;
				CLANG_CXX_LANGUAGE_STANDARD = "gnu++0x";
				CLANG_CXX_LIBRARY = "libc++";
				CLANG_ENABLE_MODULES = YES;
				CLANG_ENABLE_OBJC_ARC = YES;
				CLANG_WARN_BLOCK_CAPTURE_AUTORELEASING = YES;
				CLANG_WARN_BOOL_CONVERSION = YES;
				CLANG_WARN_COMMA = YES;
				CLANG_WARN_CONSTANT_CONVERSION = YES;
				CLANG_WARN_DIRECT_OBJC_ISA_USAGE = YES_ERROR;
				CLANG_WARN_EMPTY_BODY = YES;
				CLANG_WARN_ENUM_CONVERSION = YES;
				CLANG_WARN_INFINITE_RECURSION = YES;
				CLANG_WARN_INT_CONVERSION = YES;
				CLANG_WARN_NON_LITERAL_NULL_CONVERSION = YES;
				CLANG_WARN_OBJC_LITERAL_CONVERSION = YES;
				CLANG_WARN_OBJC_ROOT_CLASS = YES_ERROR;
				CLANG_WARN_RANGE_LOOP_ANALYSIS = YES;
				CLANG_WARN_STRICT_PROTOTYPES = YES;
				CLANG_WARN_SUSPICIOUS_MOVE = YES;
				CLANG_WARN_UNREACHABLE_CODE = YES;
				CLANG_WARN__DUPLICATE_METHOD_MATCH = YES;
				COPY_PHASE_STRIP = YES;
				ENABLE_NS_ASSERTIONS = NO;
				ENABLE_STRICT_OBJC_MSGSEND = YES;
				GCC_C_LANGUAGE_STANDARD = gnu99;
				GCC_NO_COMMON_BLOCKS = YES;
				GCC_WARN_64_TO_32_BIT_CONVERSION = YES;
				GCC_WARN_ABOUT_RETURN_TYPE = YES_ERROR;
				GCC_WARN_UNDECLARED_SELECTOR = YES;
				GCC_WARN_UNINITIALIZED_AUTOS = YES_AGGRESSIVE;
				GCC_WARN_UNUSED_FUNCTION = YES;
				GCC_WARN_UNUSED_VARIABLE = YES;
				IPHONEOS_DEPLOYMENT_TARGET = 15.0;
				MTL_ENABLE_DEBUG_INFO = NO;
				SDKROOT = iphoneos;
				VALIDATE_PRODUCT = YES;
			};
			name = Release;
		};
		58B511F01A9E6C8500147676 /* Debug */ = {
			isa = XCBuildConfiguration;
			buildSettings = {
				HEADER_SEARCH_PATHS = (
					"$(inherited)",
					/Applications/Xcode.app/Contents/Developer/Toolchains/XcodeDefault.xctoolchain/usr/include,
					"$(SRCROOT)/../../../React/**",
					"$(SRCROOT)/../../react-native/React/**",
				);
				IPHONEOS_DEPLOYMENT_TARGET = 15.0;
				LIBRARY_SEARCH_PATHS = "$(inherited)";
				OTHER_LDFLAGS = "-ObjC";
				PRODUCT_NAME = ReactNativeAdManager;
				SKIP_INSTALL = YES;
			};
			name = Debug;
		};
		58B511F11A9E6C8500147676 /* Release */ = {
			isa = XCBuildConfiguration;
			buildSettings = {
				HEADER_SEARCH_PATHS = (
					"$(inherited)",
					/Applications/Xcode.app/Contents/Developer/Toolchains/XcodeDefault.xctoolchain/usr/include,
					"$(SRCROOT)/../../../React",
					"$(SRCROOT)/../../react-native/React/**",
				);
				IPHONEOS_DEPLOYMENT_TARGET = 15.0;
				LIBRARY_SEARCH_PATHS = "$(inherited)";
				OTHER_LDFLAGS = "-ObjC";
				PRODUCT_NAME = ReactNativeAdManager;
				SKIP_INSTALL = YES;
			};
			name = Release;
		};
/* End XCBuildConfiguration section */

/* Begin XCConfigurationList section */
		58B511D61A9E6C8500147676 /* Build configuration list for PBXProject "ReactNativeAdManager" */ = {
			isa = XCConfigurationList;
			buildConfigurations = (
				58B511ED1A9E6C8500147676 /* Debug */,
				58B511EE1A9E6C8500147676 /* Release */,
			);
			defaultConfigurationIsVisible = 0;
			defaultConfigurationName = Release;
		};
		58B511EF1A9E6C8500147676 /* Build configuration list for PBXNativeTarget "ReactNativeAdManager" */ = {
			isa = XCConfigurationList;
			buildConfigurations = (
				58B511F01A9E6C8500147676 /* Debug */,
				58B511F11A9E6C8500147676 /* Release */,
			);
			defaultConfigurationIsVisible = 0;
			defaultConfigurationName = Release;
		};
/* End XCConfigurationList section */
	};
	rootObject = 58B511D31A9E6C8500147676 /* Project object */;
}
